
Microsoft Visual Studio Solution File, Format Version 12.00
# Visual Studio Version 17
VisualStudioVersion = 17.0.31919.166
MinimumVisualStudioVersion = 10.0.40219.1
Project("{9A19103F-16F7-4668-BE54-9A1E7A4F7556}") = "LMS", "LMS\LMS.csproj", "{795A4E2C-9FDD-4A52-B477-4B7C159CFFE9}"
EndProject
Project("{9A19103F-16F7-4668-BE54-9A1E7A4F7556}") = "LibraryData", "LibraryData\LibraryData.csproj", "{7BF343DF-9DD6-4219-A76F-3CB272142AE0}"
EndProject
Project("{9A19103F-16F7-4668-BE54-9A1E7A4F7556}") = "LibrarySevices", "LibrarySevices\LibrarySevices.csproj", "{C6FA9410-CD41-4A96-9758-31155609F0C2}"
EndProject
Project("{2150E333-8FDC-42A3-9474-1A3956D46DE8}") = "Solution Items", "Solution Items", "{8EF3FFA9-72AB-4262-8AC7-ADFD200C5BE1}"
	ProjectSection(SolutionItems) = preProject
		.editorconfig = .editorconfig
	EndProjectSection
EndProject
Global
	GlobalSection(SolutionConfigurationPlatforms) = preSolution
		Debug|Any CPU = Debug|Any CPU
		Release|Any CPU = Release|Any CPU
	EndGlobalSection
	GlobalSection(ProjectConfigurationPlatforms) = postSolution
		{795A4E2C-9FDD-4A52-B477-4B7C159CFFE9}.Debug|Any CPU.ActiveCfg = Debug|Any CPU
		{795A4E2C-9FDD-4A52-B477-4B7C159CFFE9}.Debug|Any CPU.Build.0 = Debug|Any CPU
		{795A4E2C-9FDD-4A52-B477-4B7C159CFFE9}.Release|Any CPU.ActiveCfg = Release|Any CPU
		{795A4E2C-9FDD-4A52-B477-4B7C159CFFE9}.Release|Any CPU.Build.0 = Release|Any CPU
		{7BF343DF-9DD6-4219-A76F-3CB272142AE0}.Debug|Any CPU.ActiveCfg = Debug|Any CPU
		{7BF343DF-9DD6-4219-A76F-3CB272142AE0}.Debug|Any CPU.Build.0 = Debug|Any CPU
		{7BF343DF-9DD6-4219-A76F-3CB272142AE0}.Release|Any CPU.ActiveCfg = Release|Any CPU
		{7BF343DF-9DD6-4219-A76F-3CB272142AE0}.Release|Any CPU.Build.0 = Release|Any CPU
		{C6FA9410-CD41-4A96-9758-31155609F0C2}.Debug|Any CPU.ActiveCfg = Debug|Any CPU
		{C6FA9410-CD41-4A96-9758-31155609F0C2}.Debug|Any CPU.Build.0 = Debug|Any CPU
		{C6FA9410-CD41-4A96-9758-31155609F0C2}.Release|Any CPU.ActiveCfg = Release|Any CPU
		{C6FA9410-CD41-4A96-9758-31155609F0C2}.Release|Any CPU.Build.0 = Release|Any CPU
	EndGlobalSection
	GlobalSection(SolutionProperties) = preSolution
		HideSolutionNode = FALSE
	EndGlobalSection
	GlobalSection(ExtensibilityGlobals) = postSolution
		SolutionGuid = {B75ADFA6-AF71-4F40-8197-4F6146D87927}
	EndGlobalSection
EndGlobal
